
Microsoft Visual Studio Solution File, Format Version 12.00
# Visual Studio Version 16
VisualStudioVersion = 16.0.31402.337
MinimumVisualStudioVersion = 10.0.40219.1
Project("{FAE04EC0-301F-11D3-BF4B-00C04F79EFBC}") = "Vrunda_Patel_Lab10", "Vrunda_Patel_Lab10\Vrunda_Patel_Lab10.csproj", "{6BD244AE-D24A-408B-9A81-C2647056788E}"
EndProject
Global
	GlobalSection(SolutionConfigurationPlatforms) = preSolution
		Debug|Any CPU = Debug|Any CPU
		Release|Any CPU = Release|Any CPU
	EndGlobalSection
	GlobalSection(ProjectConfigurationPlatforms) = postSolution
		{6BD244AE-D24A-408B-9A81-C2647056788E}.Debug|Any CPU.ActiveCfg = Debug|Any CPU
		{6BD244AE-D24A-408B-9A81-C2647056788E}.Debug|Any CPU.Build.0 = Debug|Any CPU
		{6BD244AE-D24A-408B-9A81-C2647056788E}.Release|Any CPU.ActiveCfg = Release|Any CPU
		{6BD244AE-D24A-408B-9A81-C2647056788E}.Release|Any CPU.Build.0 = Release|Any CPU
	EndGlobalSection
	GlobalSection(SolutionProperties) = preSolution
		HideSolutionNode = FALSE
	EndGlobalSection
	GlobalSection(ExtensibilityGlobals) = postSolution
		SolutionGuid = {CABDEF0B-0688-4EB3-B394-00A6B8E892A3}
	EndGlobalSection
EndGlobal
